lockfileVersion: '9.0'

settings:
  autoInstallPeers: true
  excludeLinksFromLockfile: false

importers:

  .:
    devDependencies:
      mdast-util-from-markdown:
        specifier: ^2.0.3
        version: 2.0.3
      oxfmt:
        specifier: ^0.59.0
        version: 0.59.0

packages:

  '@oxfmt/binding-android-arm-eabi@0.59.0':
    resolution: {integrity: sha512-bNTnfbuG7sAwb2PakMNaDukx5kXeW9duXOBeWtTOiLz3fXz3q2DlWguufPZ+c2IHEVrRXHD+M4aUgEWm841LDA==}
    engines: {node: ^20.19.0 || >=22.12.0}
    cpu: [arm]
    os: [android]

  '@oxfmt/binding-android-arm64@0.59.0':
    resolution: {integrity: sha512-R/Sn7z52QtdAKNqQLLY0EK7hVMjXiz3XUlvoCFCm/60jgIzAnQtiqLKBCFaBkimCQL5rs2ezPMcicpjCsrl54Q==}
    engines: {node: ^20.19.0 || >=22.12.0}
    cpu: [arm64]
    os: [android]

  '@oxfmt/binding-darwin-arm64@0.59.0':
    resolution: {integrity: sha512-vm/ynUqE4HjC0ZIEjmXv1UJu1/GngccQ+T+TJudTMxUxm6r+GQTg1TO3E5jJfI71pBaXxSzs1+vWHIwuilGHhw==}
    engines: {node: ^20.19.0 || >=22.12.0}
    cpu: [arm64]
    os: [darwin]

  '@oxfmt/binding-darwin-x64@0.59.0':
    resolution: {integrity: sha512-uTtYDpLN/obfKVWGpgEc8BqYlLZBQTPz2uYEvLRy3HPZxjZ34wiFzukUBU2bf64JuCYZI//GTV1EOMmWlPjf/w==}
    engines: {node: ^20.19.0 || >=22.12.0}
    cpu: [x64]
    os: [darwin]

  '@oxfmt/binding-freebsd-x64@0.59.0':
    resolution: {integrity: sha512-e2UnxL/ifStSPy8ffBCDbdy595SYsGy+U1pur4G65TuMmWxAMBzYGG7atZo/3mp515p8rZdsflxVD/E1FAdPLQ==}
    engines: {node: ^20.19.0 || >=22.12.0}
    cpu: [x64]
    os: [freebsd]

  '@oxfmt/binding-linux-arm-gnueabihf@0.59.0':
    resolution: {integrity: sha512-LtdeZ1l0urxte3VNi3g8cocZwv1xGM1NKHSgF/fJEEVhyQmlgGh7WFWKFd/pNuO7djfvPNtNO1+MS+FEWkgVSA==}
    engines: {node: ^20.19.0 || >=22.12.0}
    cpu: [arm]
    os: [linux]

  '@oxfmt/binding-linux-arm-musleabihf@0.59.0':
    resolution: {integrity: sha512-dBTciSsj9GTMl7p+h2gMSI0hoPn2ijfc/dUsbnWsP0RbwgPl2r0C/5zkMb3Pb+gGj17LH7f1o4qLo9aes/pAvA==}
    engines: {node: ^20.19.0 || >=22.12.0}
    cpu: [arm]
    os: [linux]

  '@oxfmt/binding-linux-arm64-gnu@0.59.0':
    resolution: {integrity: sha512-tXVdJ/JINsNWdponPHN0OuKHtC+HdpyoS9sd6IDPNiiEYsRki8b7tefRZ1iMnRkdbyT4SEbguWsr6o+5awvbPQ==}
    engines: {node: ^20.19.0 || >=22.12.0}
    cpu: [arm64]
    os: [linux]
    libc: [glibc]

  '@oxfmt/binding-linux-arm64-musl@0.59.0':
    resolution: {integrity: sha512-RRTq38i2zT5fnw6XGHjvT6w2mh6x/G3m6AZcAZ56OTDTT/lsOeYnG3SVjwmH40z5kPqF+lf+o35e6m6PpKy9Dw==}
    engines: {node: ^20.19.0 || >=22.12.0}
    cpu: [arm64]
    os: [linux]
    libc: [musl]

  '@oxfmt/binding-linux-ppc64-gnu@0.59.0':
    resolution: {integrity: sha512-lD3k7glAJSaXW0D6xzu8VOZbYbosvy+0ktOVkfLEoQF5HJlMSxTQ2KNW0JO+08ccP/1ElOKktVEMI0fqRbVB4w==}
    engines: {node: ^20.19.0 || >=22.12.0}
    cpu: [ppc64]
    os: [linux]
    libc: [glibc]

  '@oxfmt/binding-linux-riscv64-gnu@0.59.0':
    resolution: {integrity: sha512-WH5ZP1RbuHKBO/yfPRQKpNO/ijHcEDNbnmC4VPf/Bcd3+mbMAZpRiJWRa1PL5bREdIZZHo343mk3sqlc9x7Usw==}
    engines: {node: ^20.19.0 || >=22.12.0}
    cpu: [riscv64]
    os: [linux]
    libc: [glibc]

  '@oxfmt/binding-linux-riscv64-musl@0.59.0':
    resolution: {integrity: sha512-743wOiaI9RZY4QVGkWkfGRavD5ZJUJ6gscFjVrVu1dP8AZh9jM+a6v3NhlR+OIzHdS6DhLM96w+gcVskskz7rw==}
    engines: {node: ^20.19.0 || >=22.12.0}
    cpu: [riscv64]
    os: [linux]
    libc: [musl]

  '@oxfmt/binding-linux-s390x-gnu@0.59.0':
    resolution: {integrity: sha512-xjRXQsRnrRZCcCkIEnbd2lmsQNobtwwkJxdy2bWXhZ1lIN0ouZwsBXRsoovW3yATuziAYwr9HMiQuR/Cc75NIw==}
    engines: {node: ^20.19.0 || >=22.12.0}
    cpu: [s390x]
    os: [linux]
    libc: [glibc]

  '@oxfmt/binding-linux-x64-gnu@0.59.0':
    resolution: {integrity: sha512-4hNjqq/Rbr9B+StY9zMMAfm72+mtM4v80xYL5Qkb59Qd72g2vJMI0iFlPj3kf6miMsie/yJ7rt4urJT292HBgA==}
    engines: {node: ^20.19.0 || >=22.12.0}
    cpu: [x64]
    os: [linux]
    libc: [glibc]

  '@oxfmt/binding-linux-x64-musl@0.59.0':
    resolution: {integrity: sha512-NH579iN8EVQYsWowUB8B5vFchcylJtwPVJ7NmUAqEQHNLfhPbDT3K56KrECNAkUN4QpF4qiMgN2vsfZwVvjm7g==}
    engines: {node: ^20.19.0 || >=22.12.0}
    cpu: [x64]
    os: [linux]
    libc: [musl]

  '@oxfmt/binding-openharmony-arm64@0.59.0':
    resolution: {integrity: sha512-mzZy3Z5Aj1D75Aq9FVlmoRQH5ei8Ga4o/NZmlXkKyeZ5EmPrUXRR7c6BMBteV1ZuZ/356UYDuLRLjAMxTDTiBA==}
    engines: {node: ^20.19.0 || >=22.12.0}
    cpu: [arm64]
    os: [openharmony]

  '@oxfmt/binding-win32-arm64-msvc@0.59.0':
    resolution: {integrity: sha512-0CpDJ1gE3jN1Gk6xms1Ie6LPfPcOtY4FAtoOmVLHQoAf8DvO2wd0DW2dIX2f7YTp5dxrr0ND8JeUEjm3DP3k5g==}
    engines: {node: ^20.19.0 || >=22.12.0}
    cpu: [arm64]
    os: [win32]

  '@oxfmt/binding-win32-ia32-msvc@0.59.0':
    resolution: {integrity: sha512-zwdKBu3pt87uW0bRcywZb0oGMS7C6n87qogwRYFUgmk44T90ZzYlPjtlFYXs/DnBFrgNCvlHwCuWKfVWLeE7kw==}
    engines: {node: ^20.19.0 || >=22.12.0}
    cpu: [ia32]
    os: [win32]

  '@oxfmt/binding-win32-x64-msvc@0.59.0':
    resolution: {integrity: sha512-dUUbZkKgWrmAeI/puzv4bxN8lzcYaFnQVwFTFtwO2Gp8M7lZGSE2qJjC58g518+1bltJ8mizjYwD0BGHym0l/w==}
    engines: {node: ^20.19.0 || >=22.12.0}
    cpu: [x64]
    os: [win32]

  '@types/debug@4.1.13':
    resolution: {integrity: sha512-KSVgmQmzMwPlmtljOomayoR89W4FynCAi3E8PPs7vmDVPe84hT+vGPKkJfThkmXs0x0jAaa9U8uW8bbfyS2fWw==}

  '@types/mdast@4.0.4':
    resolution: {integrity: sha512-kGaNbPh1k7AFzgpud/gMdvIm5xuECykRR+JnWKQno9TAXVa6WIVCGTPvYGekIDL4uwCZQSYbUxNBSb1aUo79oA==}

  '@types/ms@2.1.0':
    resolution: {integrity: sha512-GsCCIZDE/p3i96vtEqx+7dBUGXrc7zeSK3wwPHIaRThS+9OhWIXRqzs4d6k1SVU8g91DrNRWxWUGhp5KXQb2VA==}

  '@types/unist@3.0.3':
    resolution: {integrity: sha512-ko/gIFJRv177XgZsZcBwnqJN5x/Gien8qNOn0D5bQU/zAzVf9Zt3BlcUiLqhV9y4ARk0GbT3tnUiPNgnTXzc/Q==}

  character-entities@2.0.2:
    resolution: {integrity: sha512-shx7oQ0Awen/BRIdkjkvz54PnEEI/EjwXDSIZp86/KKdbafHh1Df/RYGBhn4hbe2+uKC9FnT5UCEdyPz3ai9hQ==}

  debug@4.4.3:
    resolution: {integrity: sha512-RGwwWnwQvkVfavKVt22FGLw+xYSdzARwm0ru6DhTVA3umU5hZc28V3kO4stgYryrTlLpuvgI9GiijltAjNbcqA==}
    engines: {node: '>=6.0'}
    peerDependencies:
      supports-color: '*'
    peerDependenciesMeta:
      supports-color:
        optional: true

  decode-named-character-reference@1.3.0:
    resolution: {integrity: sha512-GtpQYB283KrPp6nRw50q3U9/VfOutZOe103qlN7BPP6Ad27xYnOIWv4lPzo8HCAL+mMZofJ9KEy30fq6MfaK6Q==}

  dequal@2.0.3:
    resolution: {integrity: sha512-0je+qPKHEMohvfRTCEo3CrPG6cAzAYgmzKyxRiYSSDkS6eGJdyVJm7WaYA5ECaAD9wLB2T4EEeymA5aFVcYXCA==}
    engines: {node: '>=6'}

  devlop@1.1.0:
    resolution: {integrity: sha512-RWmIqhcFf1lRYBvNmr7qTNuyCt/7/ns2jbpp1+PalgE/rDQcBT0fioSMUpJ93irlUhC5hrg4cYqe6U+0ImW0rA==}

  mdast-util-from-markdown@2.0.3:
    resolution: {integrity: sha512-W4mAWTvSlKvf8L6J+VN9yLSqQ9AOAAvHuoDAmPkz4dHf553m5gVj2ejadHJhoJmcmxEnOv6Pa8XJhpxE93kb8Q==}

  mdast-util-to-string@4.0.0:
    resolution: {integrity: sha512-0H44vDimn51F0YwvxSJSm0eCDOJTRlmN0R1yBh4HLj9wiV1Dn0QoXGbvFAWj2hSItVTlCmBF1hqKlIyUBVFLPg==}

  micromark-core-commonmark@2.0.3:
    resolution: {integrity: sha512-RDBrHEMSxVFLg6xvnXmb1Ayr2WzLAWjeSATAoxwKYJV94TeNavgoIdA0a9ytzDSVzBy2YKFK+emCPOEibLeCrg==}

  micromark-factory-destination@2.0.1:
    resolution: {integrity: sha512-Xe6rDdJlkmbFRExpTOmRj9N3MaWmbAgdpSrBQvCFqhezUn4AHqJHbaEnfbVYYiexVSs//tqOdY/DxhjdCiJnIA==}

  micromark-factory-label@2.0.1:
    resolution: {integrity: sha512-VFMekyQExqIW7xIChcXn4ok29YE3rnuyveW3wZQWWqF4Nv9Wk5rgJ99KzPvHjkmPXF93FXIbBp6YdW3t71/7Vg==}

  micromark-factory-space@2.0.1:
    resolution: {integrity: sha512-zRkxjtBxxLd2Sc0d+fbnEunsTj46SWXgXciZmHq0kDYGnck/ZSGj9/wULTV95uoeYiK5hRXP2mJ98Uo4cq/LQg==}

  micromark-factory-title@2.0.1:
    resolution: {integrity: sha512-5bZ+3CjhAd9eChYTHsjy6TGxpOFSKgKKJPJxr293jTbfry2KDoWkhBb6TcPVB4NmzaPhMs1Frm9AZH7OD4Cjzw==}

  micromark-factory-whitespace@2.0.1:
    resolution: {integrity: sha512-Ob0nuZ3PKt/n0hORHyvoD9uZhr+Za8sFoP+OnMcnWK5lngSzALgQYKMr9RJVOWLqQYuyn6ulqGWSXdwf6F80lQ==}

  micromark-util-character@2.1.1:
    resolution: {integrity: sha512-wv8tdUTJ3thSFFFJKtpYKOYiGP2+v96Hvk4Tu8KpCAsTMs6yi+nVmGh1syvSCsaxz45J6Jbw+9DD6g97+NV67Q==}

  micromark-util-chunked@2.0.1:
    resolution: {integrity: sha512-QUNFEOPELfmvv+4xiNg2sRYeS/P84pTW0TCgP5zc9FpXetHY0ab7SxKyAQCNCc1eK0459uoLI1y5oO5Vc1dbhA==}

  micromark-util-classify-character@2.0.1:
    resolution: {integrity: sha512-K0kHzM6afW/MbeWYWLjoHQv1sgg2Q9EccHEDzSkxiP/EaagNzCm7T/WMKZ3rjMbvIpvBiZgwR3dKMygtA4mG1Q==}

  micromark-util-combine-extensions@2.0.1:
    resolution: {integrity: sha512-OnAnH8Ujmy59JcyZw8JSbK9cGpdVY44NKgSM7E9Eh7DiLS2E9RNQf0dONaGDzEG9yjEl5hcqeIsj4hfRkLH/Bg==}

  micromark-util-decode-numeric-character-reference@2.0.2:
    resolution: {integrity: sha512-ccUbYk6CwVdkmCQMyr64dXz42EfHGkPQlBj5p7YVGzq8I7CtjXZJrubAYezf7Rp+bjPseiROqe7G6foFd+lEuw==}

  micromark-util-decode-string@2.0.1:
    resolution: {integrity: sha512-nDV/77Fj6eH1ynwscYTOsbK7rR//Uj0bZXBwJZRfaLEJ1iGBR6kIfNmlNqaqJf649EP0F3NWNdeJi03elllNUQ==}

  micromark-util-encode@2.0.1:
    resolution: {integrity: sha512-c3cVx2y4KqUnwopcO9b/SCdo2O67LwJJ/UyqGfbigahfegL9myoEFoDYZgkT7f36T0bLrM9hZTAaAyH+PCAXjw==}

  micromark-util-html-tag-name@2.0.1:
    resolution: {integrity: sha512-2cNEiYDhCWKI+Gs9T0Tiysk136SnR13hhO8yW6BGNyhOC4qYFnwF1nKfD3HFAIXA5c45RrIG1ub11GiXeYd1xA==}

  micromark-util-normalize-identifier@2.0.1:
    resolution: {integrity: sha512-sxPqmo70LyARJs0w2UclACPUUEqltCkJ6PhKdMIDuJ3gSf/Q+/GIe3WKl0Ijb/GyH9lOpUkRAO2wp0GVkLvS9Q==}

  micromark-util-resolve-all@2.0.1:
    resolution: {integrity: sha512-VdQyxFWFT2/FGJgwQnJYbe1jjQoNTS4RjglmSjTUlpUMa95Htx9NHeYW4rGDJzbjvCsl9eLjMQwGeElsqmzcHg==}

  micromark-util-sanitize-uri@2.0.1:
    resolution: {integrity: sha512-9N9IomZ/YuGGZZmQec1MbgxtlgougxTodVwDzzEouPKo3qFWvymFHWcnDi2vzV1ff6kas9ucW+o3yzJK9YB1AQ==}

  micromark-util-subtokenize@2.1.0:
    resolution: {integrity: sha512-XQLu552iSctvnEcgXw6+Sx75GflAPNED1qx7eBJ+wydBb2KCbRZe+NwvIEEMM83uml1+2WSXpBAcp9IUCgCYWA==}

  micromark-util-symbol@2.0.1:
    resolution: {integrity: sha512-vs5t8Apaud9N28kgCrRUdEed4UJ+wWNvicHLPxCa9ENlYuAY31M0ETy5y1vA33YoNPDFTghEbnh6efaE8h4x0Q==}

  micromark-util-types@2.0.2:
    resolution: {integrity: sha512-Yw0ECSpJoViF1qTU4DC6NwtC4aWGt1EkzaQB8KPPyCRR8z9TWeV0HbEFGTO+ZY1wB22zmxnJqhPyTpOVCpeHTA==}

  micromark@4.0.2:
    resolution: {integrity: sha512-zpe98Q6kvavpCr1NPVSCMebCKfD7CA2NqZ+rykeNhONIJBpc1tFKt9hucLGwha3jNTNI8lHpctWJWoimVF4PfA==}

  ms@2.1.3:
    resolution: {integrity: sha512-6FlzubTLZG3J2a/NVCAleEhjzq5oxgHyaCU9yYXvcLsvoVaHJq/s5xXI6/XXP6tz7R9xAOtHnSO/tXtF3WRTlA==}

  oxfmt@0.59.0:
    resolution: {integrity: sha512-Xqk6cPZS1yMvVa7OAuenaDZUsgMDutvvbZ9/L5gSvAfW64+WN4HVhgipLj5rVERbYQt8fLs9TopyZ1rU1XEG/w==}
    engines: {node: ^20.19.0 || >=22.12.0}
    hasBin: true
    peerDependencies:
      svelte: ^5.0.0
      vite-plus: '*'
    peerDependenciesMeta:
      svelte:
        optional: true
      vite-plus:
        optional: true

  tinypool@2.1.0:
    resolution: {integrity: sha512-Pugqs6M0m7Lv1I7FtxN4aoyToKg1C4tu+/381vH35y8oENM/Ai7f7C4StcoK4/+BSw9ebcS8jRiVrORFKCALLw==}
    engines: {node: ^20.0.0 || >=22.0.0}

  unist-util-stringify-position@4.0.0:
    resolution: {integrity: sha512-0ASV06AAoKCDkS2+xw5RXJywruurpbC4JZSm7nr7MOt1ojAzvyyaO+UxZf18j8FCF6kmzCZKcAgN/yu2gm2XgQ==}

snapshots:

  '@oxfmt/binding-android-arm-eabi@0.59.0':
    optional: true

  '@oxfmt/binding-android-arm64@0.59.0':
    optional: true

  '@oxfmt/binding-darwin-arm64@0.59.0':
    optional: true

  '@oxfmt/binding-darwin-x64@0.59.0':
    optional: true

  '@oxfmt/binding-freebsd-x64@0.59.0':
    optional: true

  '@oxfmt/binding-linux-arm-gnueabihf@0.59.0':
    optional: true

  '@oxfmt/binding-linux-arm-musleabihf@0.59.0':
    optional: true

  '@oxfmt/binding-linux-arm64-gnu@0.59.0':
    optional: true

  '@oxfmt/binding-linux-arm64-musl@0.59.0':
    optional: true

  '@oxfmt/binding-linux-ppc64-gnu@0.59.0':
    optional: true

  '@oxfmt/binding-linux-riscv64-gnu@0.59.0':
    optional: true

  '@oxfmt/binding-linux-riscv64-musl@0.59.0':
    optional: true

  '@oxfmt/binding-linux-s390x-gnu@0.59.0':
    optional: true

  '@oxfmt/binding-linux-x64-gnu@0.59.0':
    optional: true

  '@oxfmt/binding-linux-x64-musl@0.59.0':
    optional: true

  '@oxfmt/binding-openharmony-arm64@0.59.0':
    optional: true

  '@oxfmt/binding-win32-arm64-msvc@0.59.0':
    optional: true

  '@oxfmt/binding-win32-ia32-msvc@0.59.0':
    optional: true

  '@oxfmt/binding-win32-x64-msvc@0.59.0':
    optional: true

  '@types/debug@4.1.13':
    dependencies:
      '@types/ms': 2.1.0

  '@types/mdast@4.0.4':
    dependencies:
      '@types/unist': 3.0.3

  '@types/ms@2.1.0': {}

  '@types/unist@3.0.3': {}

  character-entities@2.0.2: {}

  debug@4.4.3:
    dependencies:
      ms: 2.1.3

  decode-named-character-reference@1.3.0:
    dependencies:
      character-entities: 2.0.2

  dequal@2.0.3: {}

  devlop@1.1.0:
    dependencies:
      dequal: 2.0.3

  mdast-util-from-markdown@2.0.3:
    dependencies:
      '@types/mdast': 4.0.4
      '@types/unist': 3.0.3
      decode-named-character-reference: 1.3.0
      devlop: 1.1.0
      mdast-util-to-string: 4.0.0
      micromark: 4.0.2
      micromark-util-decode-numeric-character-reference: 2.0.2
      micromark-util-decode-string: 2.0.1
      micromark-util-normalize-identifier: 2.0.1
      micromark-util-symbol: 2.0.1
      micromark-util-types: 2.0.2
      unist-util-stringify-position: 4.0.0
    transitivePeerDependencies:
      - supports-color

  mdast-util-to-string@4.0.0:
    dependencies:
      '@types/mdast': 4.0.4

  micromark-core-commonmark@2.0.3:
    dependencies:
      decode-named-character-reference: 1.3.0
      devlop: 1.1.0
      micromark-factory-destination: 2.0.1
      micromark-factory-label: 2.0.1
      micromark-factory-space: 2.0.1
      micromark-factory-title: 2.0.1
      micromark-factory-whitespace: 2.0.1
      micromark-util-character: 2.1.1
      micromark-util-chunked: 2.0.1
      micromark-util-classify-character: 2.0.1
      micromark-util-html-tag-name: 2.0.1
      micromark-util-normalize-identifier: 2.0.1
      micromark-util-resolve-all: 2.0.1
      micromark-util-subtokenize: 2.1.0
      micromark-util-symbol: 2.0.1
      micromark-util-types: 2.0.2

  micromark-factory-destination@2.0.1:
    dependencies:
      micromark-util-character: 2.1.1
      micromark-util-symbol: 2.0.1
      micromark-util-types: 2.0.2

  micromark-factory-label@2.0.1:
    dependencies:
      devlop: 1.1.0
      micromark-util-character: 2.1.1
      micromark-util-symbol: 2.0.1
      micromark-util-types: 2.0.2

  micromark-factory-space@2.0.1:
    dependencies:
      micromark-util-character: 2.1.1
      micromark-util-types: 2.0.2

  micromark-factory-title@2.0.1:
    dependencies:
      micromark-factory-space: 2.0.1
      micromark-util-character: 2.1.1
      micromark-util-symbol: 2.0.1
      micromark-util-types: 2.0.2

  micromark-factory-whitespace@2.0.1:
    dependencies:
      micromark-factory-space: 2.0.1
      micromark-util-character: 2.1.1
      micromark-util-symbol: 2.0.1
      micromark-util-types: 2.0.2

  micromark-util-character@2.1.1:
    dependencies:
      micromark-util-symbol: 2.0.1
      micromark-util-types: 2.0.2

  micromark-util-chunked@2.0.1:
    dependencies:
      micromark-util-symbol: 2.0.1

  micromark-util-classify-character@2.0.1:
    dependencies:
      micromark-util-character: 2.1.1
      micromark-util-symbol: 2.0.1
      micromark-util-types: 2.0.2

  micromark-util-combine-extensions@2.0.1:
    dependencies:
      micromark-util-chunked: 2.0.1
      micromark-util-types: 2.0.2

  micromark-util-decode-numeric-character-reference@2.0.2:
    dependencies:
      micromark-util-symbol: 2.0.1

  micromark-util-decode-string@2.0.1:
    dependencies:
      decode-named-character-reference: 1.3.0
      micromark-util-character: 2.1.1
      micromark-util-decode-numeric-character-reference: 2.0.2
      micromark-util-symbol: 2.0.1

  micromark-util-encode@2.0.1: {}

  micromark-util-html-tag-name@2.0.1: {}

  micromark-util-normalize-identifier@2.0.1:
    dependencies:
      micromark-util-symbol: 2.0.1

  micromark-util-resolve-all@2.0.1:
    dependencies:
      micromark-util-types: 2.0.2

  micromark-util-sanitize-uri@2.0.1:
    dependencies:
      micromark-util-character: 2.1.1
      micromark-util-encode: 2.0.1
      micromark-util-symbol: 2.0.1

  micromark-util-subtokenize@2.1.0:
    dependencies:
      devlop: 1.1.0
      micromark-util-chunked: 2.0.1
      micromark-util-symbol: 2.0.1
      micromark-util-types: 2.0.2

  micromark-util-symbol@2.0.1: {}

  micromark-util-types@2.0.2: {}

  micromark@4.0.2:
    dependencies:
      '@types/debug': 4.1.13
      debug: 4.4.3
      decode-named-character-reference: 1.3.0
      devlop: 1.1.0
      micromark-core-commonmark: 2.0.3
      micromark-factory-space: 2.0.1
      micromark-util-character: 2.1.1
      micromark-util-chunked: 2.0.1
      micromark-util-combine-extensions: 2.0.1
      micromark-util-decode-numeric-character-reference: 2.0.2
      micromark-util-encode: 2.0.1
      micromark-util-normalize-identifier: 2.0.1
      micromark-util-resolve-all: 2.0.1
      micromark-util-sanitize-uri: 2.0.1
      micromark-util-subtokenize: 2.1.0
      micromark-util-symbol: 2.0.1
      micromark-util-types: 2.0.2
    transitivePeerDependencies:
      - supports-color

  ms@2.1.3: {}

  oxfmt@0.59.0:
    dependencies:
      tinypool: 2.1.0
    optionalDependencies:
      '@oxfmt/binding-android-arm-eabi': 0.59.0
      '@oxfmt/binding-android-arm64': 0.59.0
      '@oxfmt/binding-darwin-arm64': 0.59.0
      '@oxfmt/binding-darwin-x64': 0.59.0
      '@oxfmt/binding-freebsd-x64': 0.59.0
      '@oxfmt/binding-linux-arm-gnueabihf': 0.59.0
      '@oxfmt/binding-linux-arm-musleabihf': 0.59.0
      '@oxfmt/binding-linux-arm64-gnu': 0.59.0
      '@oxfmt/binding-linux-arm64-musl': 0.59.0
      '@oxfmt/binding-linux-ppc64-gnu': 0.59.0
      '@oxfmt/binding-linux-riscv64-gnu': 0.59.0
      '@oxfmt/binding-linux-riscv64-musl': 0.59.0
      '@oxfmt/binding-linux-s390x-gnu': 0.59.0
      '@oxfmt/binding-linux-x64-gnu': 0.59.0
      '@oxfmt/binding-linux-x64-musl': 0.59.0
      '@oxfmt/binding-openharmony-arm64': 0.59.0
      '@oxfmt/binding-win32-arm64-msvc': 0.59.0
      '@oxfmt/binding-win32-ia32-msvc': 0.59.0
      '@oxfmt/binding-win32-x64-msvc': 0.59.0

  tinypool@2.1.0: {}

  unist-util-stringify-position@4.0.0:
    dependencies:
      '@types/unist': 3.0.3
